
Microsoft Visual Studio Solution File, Format Version 12.00
# Visual Studio Version 16
VisualStudioVersion = 16.0.28803.202
MinimumVisualStudioVersion = 10.0.40219.1
Project("{FAE04EC0-301F-11D3-BF4B-00C04F79EFBC}") = "WindowsFormsApp2", "WindowsFormsApp2\WindowsFormsApp2.csproj", "{5479E7A9-1AB7-4158-AB7B-87FDDB759077}"
EndProject
Global
	GlobalSection(SolutionConfigurationPlatforms) = preSolution
		Debug|Any CPU = Debug|Any CPU
		Release|Any CPU = Release|Any CPU
	EndGlobalSection
	GlobalSection(ProjectConfigurationPlatforms) = postSolution
		{5479E7A9-1AB7-4158-AB7B-87FDDB759077}.Debug|Any CPU.ActiveCfg = Debug|Any CPU
		{5479E7A9-1AB7-4158-AB7B-87FDDB759077}.Debug|Any CPU.Build.0 = Debug|Any CPU
		{5479E7A9-1AB7-4158-AB7B-87FDDB759077}.Release|Any CPU.ActiveCfg = Release|Any CPU
		{5479E7A9-1AB7-4158-AB7B-87FDDB759077}.Release|Any CPU.Build.0 = Release|Any CPU
	EndGlobalSection
	GlobalSection(SolutionProperties) = preSolution
		HideSolutionNode = FALSE
	EndGlobalSection
	GlobalSection(ExtensibilityGlobals) = postSolution
		SolutionGuid = {37C1ECC6-7C52-45DA-B05A-F8BB6E82BD5F}
	EndGlobalSection
EndGlobal
